
Microsoft Visual Studio Solution File, Format Version 12.00
# Visual Studio Version 16
VisualStudioVersion = 16.0.30011.22
MinimumVisualStudioVersion = 10.0.40219.1
Project("{FAE04EC0-301F-11D3-BF4B-00C04F79EFBC}") = "ADPC", "ADPC.csproj", "{B2B23984-81A2-4085-AA98-567C07015384}"
EndProject
Global
	GlobalSection(SolutionConfigurationPlatforms) = preSolution
		Debug|Any CPU = Debug|Any CPU
		Release|Any CPU = Release|Any CPU
	EndGlobalSection
	GlobalSection(ProjectConfigurationPlatforms) = postSolution
		{B2B23984-81A2-4085-AA98-567C07015384}.Debug|Any CPU.ActiveCfg = Debug|Any CPU
		{B2B23984-81A2-4085-AA98-567C07015384}.Debug|Any CPU.Build.0 = Debug|Any CPU
		{B2B23984-81A2-4085-AA98-567C07015384}.Release|Any CPU.ActiveCfg = Release|Any CPU
		{B2B23984-81A2-4085-AA98-567C07015384}.Release|Any CPU.Build.0 = Release|Any CPU
	EndGlobalSection
	GlobalSection(SolutionProperties) = preSolution
		HideSolutionNode = FALSE
	EndGlobalSection
	GlobalSection(ExtensibilityGlobals) = postSolution
		SolutionGuid = {265F9F54-2C79-4988-9121-DE989FEED980}
	EndGlobalSection
EndGlobal
